
Microsoft Visual Studio Solution File, Format Version 12.00
# Visual Studio Version 16
VisualStudioVersion = 16.0.29806.167
MinimumVisualStudioVersion = 10.0.40219.1
Project("{FAE04EC0-301F-11D3-BF4B-00C04F79EFBC}") = "StoryApp", "StoryApp\StoryApp.csproj", "{E187B54D-7214-48F3-983C-B36D41915D23}"
EndProject
Global
	GlobalSection(SolutionConfigurationPlatforms) = preSolution
		Debug|Any CPU = Debug|Any CPU
		Release|Any CPU = Release|Any CPU
	EndGlobalSection
	GlobalSection(ProjectConfigurationPlatforms) = postSolution
		{E187B54D-7214-48F3-983C-B36D41915D23}.Debug|Any CPU.ActiveCfg = Debug|Any CPU
		{E187B54D-7214-48F3-983C-B36D41915D23}.Debug|Any CPU.Build.0 = Debug|Any CPU
		{E187B54D-7214-48F3-983C-B36D41915D23}.Release|Any CPU.ActiveCfg = Release|Any CPU
		{E187B54D-7214-48F3-983C-B36D41915D23}.Release|Any CPU.Build.0 = Release|Any CPU
	EndGlobalSection
	GlobalSection(SolutionProperties) = preSolution
		HideSolutionNode = FALSE
	EndGlobalSection
	GlobalSection(ExtensibilityGlobals) = postSolution
		SolutionGuid = {80701F80-9EF7-4F53-9329-793AFFD7113D}
	EndGlobalSection
EndGlobal
